
Microsoft Visual Studio Solution File, Format Version 12.00
# Visual Studio 14
VisualStudioVersion = 14.0.24720.0
MinimumVisualStudioVersion = 10.0.40219.1
Project("{FAE04EC0-301F-11D3-BF4B-00C04F79EFBC}") = "easypay", "easypay.csproj", "{FBFD8C30-F473-4EE3-9998-3831C090F4C0}"
EndProject
Project("{FAE04EC0-301F-11D3-BF4B-00C04F79EFBC}") = "easypay.test", "..\easypay.test\easypay.test.csproj", "{F044EA6E-9CB3-4C2C-8766-93F5E7BB3E77}"
EndProject
Project("{FAE04EC0-301F-11D3-BF4B-00C04F79EFBC}") = "easypay.ui", "..\easypay.ui\easypay.ui.csproj", "{812875AB-0F80-4E9A-BBEA-A4BDFA5CDF85}"
EndProject
Project("{FAE04EC0-301F-11D3-BF4B-00C04F79EFBC}") = "easypay.web", "..\easypay.web\easypay.web.csproj", "{4718C381-EF3D-4537-B937-480C674608E6}"
EndProject
Global
	GlobalSection(SolutionConfigurationPlatforms) = preSolution
		Debug|Any CPU = Debug|Any CPU
		Release|Any CPU = Release|Any CPU
	EndGlobalSection
	GlobalSection(ProjectConfigurationPlatforms) = postSolution
		{FBFD8C30-F473-4EE3-9998-3831C090F4C0}.Debug|Any CPU.ActiveCfg = Debug|Any CPU
		{FBFD8C30-F473-4EE3-9998-3831C090F4C0}.Debug|Any CPU.Build.0 = Debug|Any CPU
		{FBFD8C30-F473-4EE3-9998-3831C090F4C0}.Release|Any CPU.ActiveCfg = Release|Any CPU
		{FBFD8C30-F473-4EE3-9998-3831C090F4C0}.Release|Any CPU.Build.0 = Release|Any CPU
		{F044EA6E-9CB3-4C2C-8766-93F5E7BB3E77}.Debug|Any CPU.ActiveCfg = Debug|Any CPU
		{F044EA6E-9CB3-4C2C-8766-93F5E7BB3E77}.Debug|Any CPU.Build.0 = Debug|Any CPU
		{F044EA6E-9CB3-4C2C-8766-93F5E7BB3E77}.Release|Any CPU.ActiveCfg = Release|Any CPU
		{F044EA6E-9CB3-4C2C-8766-93F5E7BB3E77}.Release|Any CPU.Build.0 = Release|Any CPU
		{812875AB-0F80-4E9A-BBEA-A4BDFA5CDF85}.Debug|Any CPU.ActiveCfg = Debug|Any CPU
		{812875AB-0F80-4E9A-BBEA-A4BDFA5CDF85}.Debug|Any CPU.Build.0 = Debug|Any CPU
		{812875AB-0F80-4E9A-BBEA-A4BDFA5CDF85}.Release|Any CPU.ActiveCfg = Release|Any CPU
		{812875AB-0F80-4E9A-BBEA-A4BDFA5CDF85}.Release|Any CPU.Build.0 = Release|Any CPU
		{4718C381-EF3D-4537-B937-480C674608E6}.Debug|Any CPU.ActiveCfg = Debug|Any CPU
		{4718C381-EF3D-4537-B937-480C674608E6}.Debug|Any CPU.Build.0 = Debug|Any CPU
		{4718C381-EF3D-4537-B937-480C674608E6}.Release|Any CPU.ActiveCfg = Release|Any CPU
		{4718C381-EF3D-4537-B937-480C674608E6}.Release|Any CPU.Build.0 = Release|Any CPU
	EndGlobalSection
	GlobalSection(SolutionProperties) = preSolution
		HideSolutionNode = FALSE
	EndGlobalSection
EndGlobal
